
Microsoft Visual Studio Solution File, Format Version 12.00
# Visual Studio Version 17
VisualStudioVersion = 17.6.33723.286
MinimumVisualStudioVersion = 10.0.40219.1
Project("{FAE04EC0-301F-11D3-BF4B-00C04F79EFBC}") = "Turnero", "Turnero\Turnero.csproj", "{56EE9F84-5ADC-48F4-95F8-3730811C28E6}"
EndProject
Global
	GlobalSection(SolutionConfigurationPlatforms) = preSolution
		Debug|Any CPU = Debug|Any CPU
		Release|Any CPU = Release|Any CPU
	EndGlobalSection
	GlobalSection(ProjectConfigurationPlatforms) = postSolution
		{56EE9F84-5ADC-48F4-95F8-3730811C28E6}.Debug|Any CPU.ActiveCfg = Debug|Any CPU
		{56EE9F84-5ADC-48F4-95F8-3730811C28E6}.Debug|Any CPU.Build.0 = Debug|Any CPU
		{56EE9F84-5ADC-48F4-95F8-3730811C28E6}.Release|Any CPU.ActiveCfg = Release|Any CPU
		{56EE9F84-5ADC-48F4-95F8-3730811C28E6}.Release|Any CPU.Build.0 = Release|Any CPU
	EndGlobalSection
	GlobalSection(SolutionProperties) = preSolution
		HideSolutionNode = FALSE
	EndGlobalSection
	GlobalSection(ExtensibilityGlobals) = postSolution
		SolutionGuid = {286935FF-4EB5-46EF-84B3-60E5BFAF8AB1}
	EndGlobalSection
EndGlobal
